
Microsoft Visual Studio Solution File, Format Version 12.00
# Visual Studio Version 17
VisualStudioVersion = 17.8.34511.84
MinimumVisualStudioVersion = 10.0.40219.1
Project("{FAE04EC0-301F-11D3-BF4B-00C04F79EFBC}") = "DelegateTask", "DelegateTask\DelegateTask.csproj", "{1C7D4986-F87B-4350-AEF8-91F68F3B8127}"
EndProject
Global
	GlobalSection(SolutionConfigurationPlatforms) = preSolution
		Debug|Any CPU = Debug|Any CPU
		Release|Any CPU = Release|Any CPU
	EndGlobalSection
	GlobalSection(ProjectConfigurationPlatforms) = postSolution
		{1C7D4986-F87B-4350-AEF8-91F68F3B8127}.Debug|Any CPU.ActiveCfg = Debug|Any CPU
		{1C7D4986-F87B-4350-AEF8-91F68F3B8127}.Debug|Any CPU.Build.0 = Debug|Any CPU
		{1C7D4986-F87B-4350-AEF8-91F68F3B8127}.Release|Any CPU.ActiveCfg = Release|Any CPU
		{1C7D4986-F87B-4350-AEF8-91F68F3B8127}.Release|Any CPU.Build.0 = Release|Any CPU
	EndGlobalSection
	GlobalSection(SolutionProperties) = preSolution
		HideSolutionNode = FALSE
	EndGlobalSection
	GlobalSection(ExtensibilityGlobals) = postSolution
		SolutionGuid = {5C8EE9C3-2D06-44C6-AE1C-20EDD0E87429}
	EndGlobalSection
EndGlobal
